Microsoft Visual Studio Solution File, Format Version 12.00
# Visual Studio Version 17
VisualStudioVersion = 17.5.2.0
MinimumVisualStudioVersion = 10.0.40219.1
Project("{FAE04EC0-301F-11D3-BF4B-00C04F79EFBC}") = "MultiSaaS", "MultiSaaS.csproj", "{9E5FBB65-FEC8-D522-F288-9B654A8C21CE}"
EndProject
Global
	GlobalSection(SolutionConfigurationPlatforms) = preSolution
		Debug|Any CPU = Debug|Any CPU
		Release|Any CPU = Release|Any CPU
	EndGlobalSection
	GlobalSection(ProjectConfigurationPlatforms) = postSolution
		{9E5FBB65-FEC8-D522-F288-9B654A8C21CE}.Debug|Any CPU.ActiveCfg = Debug|Any CPU
		{9E5FBB65-FEC8-D522-F288-9B654A8C21CE}.Debug|Any CPU.Build.0 = Debug|Any CPU
		{9E5FBB65-FEC8-D522-F288-9B654A8C21CE}.Release|Any CPU.ActiveCfg = Release|Any CPU
		{9E5FBB65-FEC8-D522-F288-9B654A8C21CE}.Release|Any CPU.Build.0 = Release|Any CPU
	EndGlobalSection
	GlobalSection(SolutionProperties) = preSolution
		HideSolutionNode = FALSE
	EndGlobalSection
	GlobalSection(ExtensibilityGlobals) = postSolution
		SolutionGuid = {4D542BA9-E833-4E16-823C-1F1B178AA033}
	EndGlobalSection
EndGlobal
